
Microsoft Visual Studio Solution File, Format Version 12.00
# Visual Studio Version 16
VisualStudioVersion = 16.0.30413.136
MinimumVisualStudioVersion = 10.0.40219.1
Project("{9A19103F-16F7-4668-BE54-9A1E7A4F7556}") = "Homework1", "src\Homework1\Homework1.csproj", "{59AB6671-7F54-4912-AF6B-035800BBFB45}"
EndProject
Project("{9A19103F-16F7-4668-BE54-9A1E7A4F7556}") = "Homework 2", "src\Homework 2\Homework 2.csproj", "{3C3CD355-90EB-49FB-9A70-A7CD9AB4A024}"
EndProject
Project("{FAE04EC0-301F-11D3-BF4B-00C04F79EFBC}") = "Homework4", "src\Homework4\Homework4.csproj", "{35042055-136E-4A42-96B3-BA0CE4FB262B}"
EndProject
Global
	GlobalSection(SolutionConfigurationPlatforms) = preSolution
		Debug|Any CPU = Debug|Any CPU
		Release|Any CPU = Release|Any CPU
	EndGlobalSection
	GlobalSection(ProjectConfigurationPlatforms) = postSolution
		{59AB6671-7F54-4912-AF6B-035800BBFB45}.Debug|Any CPU.ActiveCfg = Debug|Any CPU
		{59AB6671-7F54-4912-AF6B-035800BBFB45}.Debug|Any CPU.Build.0 = Debug|Any CPU
		{59AB6671-7F54-4912-AF6B-035800BBFB45}.Release|Any CPU.ActiveCfg = Release|Any CPU
		{59AB6671-7F54-4912-AF6B-035800BBFB45}.Release|Any CPU.Build.0 = Release|Any CPU
		{3C3CD355-90EB-49FB-9A70-A7CD9AB4A024}.Debug|Any CPU.ActiveCfg = Debug|Any CPU
		{3C3CD355-90EB-49FB-9A70-A7CD9AB4A024}.Debug|Any CPU.Build.0 = Debug|Any CPU
		{3C3CD355-90EB-49FB-9A70-A7CD9AB4A024}.Release|Any CPU.ActiveCfg = Release|Any CPU
		{3C3CD355-90EB-49FB-9A70-A7CD9AB4A024}.Release|Any CPU.Build.0 = Release|Any CPU
		{35042055-136E-4A42-96B3-BA0CE4FB262B}.Debug|Any CPU.ActiveCfg = Debug|Any CPU
		{35042055-136E-4A42-96B3-BA0CE4FB262B}.Debug|Any CPU.Build.0 = Debug|Any CPU
		{35042055-136E-4A42-96B3-BA0CE4FB262B}.Release|Any CPU.ActiveCfg = Release|Any CPU
		{35042055-136E-4A42-96B3-BA0CE4FB262B}.Release|Any CPU.Build.0 = Release|Any CPU
	EndGlobalSection
	GlobalSection(SolutionProperties) = preSolution
		HideSolutionNode = FALSE
	EndGlobalSection
	GlobalSection(ExtensibilityGlobals) = postSolution
		SolutionGuid = {51FA3B9C-E43F-4B31-BC80-FBDB5300AE92}
	EndGlobalSection
EndGlobal
