
Microsoft Visual Studio Solution File, Format Version 12.00
# Visual Studio Version 16
VisualStudioVersion = 16.0.30413.136
MinimumVisualStudioVersion = 10.0.40219.1
Project("{9A19103F-16F7-4668-BE54-9A1E7A4F7556}") = "Homework1", "src\Homework1\Homework1.csproj", "{DBA2FAA4-6797-46CC-B3AB-25F3E759F0E6}"
EndProject
Project("{9A19103F-16F7-4668-BE54-9A1E7A4F7556}") = "Homework4", "src\Homework4\Homework4.csproj", "{E608D681-C75D-44EB-9CC3-5846B780E4AC}"
EndProject
Project("{9A19103F-16F7-4668-BE54-9A1E7A4F7556}") = "Homework2", "src\Homework2\Homework2.csproj", "{828E6091-2261-41B1-A108-E5BF2C7B79AA}"
EndProject
Project("{9A19103F-16F7-4668-BE54-9A1E7A4F7556}") = "Homework3", "src\Homework3\Homework3.csproj", "{C5745CA5-BAB6-4AFB-B744-9FEB0548E42F}"
EndProject
Project("{9A19103F-16F7-4668-BE54-9A1E7A4F7556}") = "Homework6", "src\Homework6\Homework6.csproj", "{82C5FC2F-3364-4EA7-8D39-1DC458E6C99D}"
EndProject
Project("{2150E333-8FDC-42A3-9474-1A3956D46DE8}") = "Homework 7", "Homework 7", "{A27D6F4A-816D-4606-8D06-2877000B624D}"
EndProject
Project("{9A19103F-16F7-4668-BE54-9A1E7A4F7556}") = "Homework7Core", "src\Homework7\Homework7Core\Homework7Core.csproj", "{947F0947-341D-44CA-890B-305C8B876691}"
EndProject
Project("{9A19103F-16F7-4668-BE54-9A1E7A4F7556}") = "Homework7UI", "src\Homework7\Homework7UI\Homework7UI.csproj", "{14EA2118-17B9-47D3-AB2C-608E0ADBF8D5}"
EndProject
Project("{9A19103F-16F7-4668-BE54-9A1E7A4F7556}") = "Homework5", "src\Homework5\Homework5.csproj", "{E0A40EA6-3617-48C4-BBA6-8AC5F6655E00}"
EndProject
Global
	GlobalSection(SolutionConfigurationPlatforms) = preSolution
		Debug|Any CPU = Debug|Any CPU
		Release|Any CPU = Release|Any CPU
	EndGlobalSection
	GlobalSection(ProjectConfigurationPlatforms) = postSolution
		{DBA2FAA4-6797-46CC-B3AB-25F3E759F0E6}.Debug|Any CPU.ActiveCfg = Debug|Any CPU
		{DBA2FAA4-6797-46CC-B3AB-25F3E759F0E6}.Debug|Any CPU.Build.0 = Debug|Any CPU
		{DBA2FAA4-6797-46CC-B3AB-25F3E759F0E6}.Release|Any CPU.ActiveCfg = Release|Any CPU
		{DBA2FAA4-6797-46CC-B3AB-25F3E759F0E6}.Release|Any CPU.Build.0 = Release|Any CPU
		{E608D681-C75D-44EB-9CC3-5846B780E4AC}.Debug|Any CPU.ActiveCfg = Debug|Any CPU
		{E608D681-C75D-44EB-9CC3-5846B780E4AC}.Debug|Any CPU.Build.0 = Debug|Any CPU
		{E608D681-C75D-44EB-9CC3-5846B780E4AC}.Release|Any CPU.ActiveCfg = Release|Any CPU
		{E608D681-C75D-44EB-9CC3-5846B780E4AC}.Release|Any CPU.Build.0 = Release|Any CPU
		{828E6091-2261-41B1-A108-E5BF2C7B79AA}.Debug|Any CPU.ActiveCfg = Debug|Any CPU
		{828E6091-2261-41B1-A108-E5BF2C7B79AA}.Debug|Any CPU.Build.0 = Debug|Any CPU
		{828E6091-2261-41B1-A108-E5BF2C7B79AA}.Release|Any CPU.ActiveCfg = Release|Any CPU
		{828E6091-2261-41B1-A108-E5BF2C7B79AA}.Release|Any CPU.Build.0 = Release|Any CPU
		{C5745CA5-BAB6-4AFB-B744-9FEB0548E42F}.Debug|Any CPU.ActiveCfg = Debug|Any CPU
		{C5745CA5-BAB6-4AFB-B744-9FEB0548E42F}.Debug|Any CPU.Build.0 = Debug|Any CPU
		{C5745CA5-BAB6-4AFB-B744-9FEB0548E42F}.Release|Any CPU.ActiveCfg = Release|Any CPU
		{C5745CA5-BAB6-4AFB-B744-9FEB0548E42F}.Release|Any CPU.Build.0 = Release|Any CPU
		{82C5FC2F-3364-4EA7-8D39-1DC458E6C99D}.Debug|Any CPU.ActiveCfg = Debug|Any CPU
		{82C5FC2F-3364-4EA7-8D39-1DC458E6C99D}.Debug|Any CPU.Build.0 = Debug|Any CPU
		{82C5FC2F-3364-4EA7-8D39-1DC458E6C99D}.Release|Any CPU.ActiveCfg = Release|Any CPU
		{82C5FC2F-3364-4EA7-8D39-1DC458E6C99D}.Release|Any CPU.Build.0 = Release|Any CPU
		{947F0947-341D-44CA-890B-305C8B876691}.Debug|Any CPU.ActiveCfg = Debug|Any CPU
		{947F0947-341D-44CA-890B-305C8B876691}.Debug|Any CPU.Build.0 = Debug|Any CPU
		{947F0947-341D-44CA-890B-305C8B876691}.Release|Any CPU.ActiveCfg = Release|Any CPU
		{947F0947-341D-44CA-890B-305C8B876691}.Release|Any CPU.Build.0 = Release|Any CPU
		{14EA2118-17B9-47D3-AB2C-608E0ADBF8D5}.Debug|Any CPU.ActiveCfg = Debug|Any CPU
		{14EA2118-17B9-47D3-AB2C-608E0ADBF8D5}.Debug|Any CPU.Build.0 = Debug|Any CPU
		{14EA2118-17B9-47D3-AB2C-608E0ADBF8D5}.Release|Any CPU.ActiveCfg = Release|Any CPU
		{14EA2118-17B9-47D3-AB2C-608E0ADBF8D5}.Release|Any CPU.Build.0 = Release|Any CPU
		{E0A40EA6-3617-48C4-BBA6-8AC5F6655E00}.Debug|Any CPU.ActiveCfg = Debug|Any CPU
		{E0A40EA6-3617-48C4-BBA6-8AC5F6655E00}.Debug|Any CPU.Build.0 = Debug|Any CPU
		{E0A40EA6-3617-48C4-BBA6-8AC5F6655E00}.Release|Any CPU.ActiveCfg = Release|Any CPU
		{E0A40EA6-3617-48C4-BBA6-8AC5F6655E00}.Release|Any CPU.Build.0 = Release|Any CPU
	EndGlobalSection
	GlobalSection(SolutionProperties) = preSolution
		HideSolutionNode = FALSE
	EndGlobalSection
	GlobalSection(NestedProjects) = preSolution
		{947F0947-341D-44CA-890B-305C8B876691} = {A27D6F4A-816D-4606-8D06-2877000B624D}
		{14EA2118-17B9-47D3-AB2C-608E0ADBF8D5} = {A27D6F4A-816D-4606-8D06-2877000B624D}
	EndGlobalSection
	GlobalSection(ExtensibilityGlobals) = postSolution
		SolutionGuid = {51FA3B9C-E43F-4B31-BC80-FBDB5300AE92}
	EndGlobalSection
EndGlobal
